
Microsoft Visual Studio Solution File, Format Version 12.00
# Visual Studio Version 17
VisualStudioVersion = 17.12.35707.178 d17.12
MinimumVisualStudioVersion = 10.0.40219.1
Project("{FAE04EC0-301F-11D3-BF4B-00C04F79EFBC}") = "Goals.API", "Goals.API\Goals.API.csproj", "{F3E6B3CC-6756-498E-81DB-89544B981847}"
EndProject
Project("{FAE04EC0-301F-11D3-BF4B-00C04F79EFBC}") = "Goals.WebUI", "Goals.WebUI\Goals.WebUI.csproj", "{17539834-0FF5-4234-BF59-18958F21D298}"
EndProject
Global
	GlobalSection(SolutionConfigurationPlatforms) = preSolution
		Debug|Any CPU = Debug|Any CPU
		Release|Any CPU = Release|Any CPU
	EndGlobalSection
	GlobalSection(ProjectConfigurationPlatforms) = postSolution
		{F3E6B3CC-6756-498E-81DB-89544B981847}.Debug|Any CPU.ActiveCfg = Debug|Any CPU
		{F3E6B3CC-6756-498E-81DB-89544B981847}.Debug|Any CPU.Build.0 = Debug|Any CPU
		{F3E6B3CC-6756-498E-81DB-89544B981847}.Release|Any CPU.ActiveCfg = Release|Any CPU
		{F3E6B3CC-6756-498E-81DB-89544B981847}.Release|Any CPU.Build.0 = Release|Any CPU
		{17539834-0FF5-4234-BF59-18958F21D298}.Debug|Any CPU.ActiveCfg = Debug|Any CPU
		{17539834-0FF5-4234-BF59-18958F21D298}.Debug|Any CPU.Build.0 = Debug|Any CPU
		{17539834-0FF5-4234-BF59-18958F21D298}.Release|Any CPU.ActiveCfg = Release|Any CPU
		{17539834-0FF5-4234-BF59-18958F21D298}.Release|Any CPU.Build.0 = Release|Any CPU
	EndGlobalSection
	GlobalSection(SolutionProperties) = preSolution
		HideSolutionNode = FALSE
	EndGlobalSection
EndGlobal
